# This file is automatically @generated by Poetry 1.7.1 and should not be changed by hand.

[[package]]
name = "maxminddb"
version = "2.5.2"
description = "Reader for the MaxMind DB format"
optional = false
python-versions = ">=3.8"
files = [
    {file = "maxminddb-2.5.2-cp310-cp310-macosx_10_9_x86_64.whl", hash = "sha256:f5682963a5817066db50f219c33aaa7eb969888211a289a444c42b5dfa0c0f78"},
    {file = "maxminddb-2.5.2-cp310-cp310-manylinux_2_17_x86_64.manylinux2014_x86_64.whl", hash = "sha256:3fe6bb1b5ea132fcd9fd7b16c80247f0ba667018d5f9f98cd645b297e3b02fbf"},
    {file = "maxminddb-2.5.2-cp310-cp310-manylinux_2_5_i686.manylinux1_i686.manylinux_2_17_i686.manylinux2014_i686.whl", hash = "sha256:955a3ec4b161e872cc615b7a09ae9770049e9794e7b3832e3d78905a65c5049d"},
    {file = "maxminddb-2.5.2-cp310-cp310-musllinux_1_1_i686.whl", hash = "sha256:29d63e7711e5f95c7c190010e57dca9e262aee8ac300aaf75c3f7ede0b5a5863"},
    {file = "maxminddb-2.5.2-cp310-cp310-musllinux_1_1_x86_64.whl", hash = "sha256:08a540ec3661f6ca40499c86028e96dca5780e9d471b485dc797859b0b22dd22"},
    {file = "maxminddb-2.5.2-cp310-cp310-win32.whl", hash = "sha256:17fdb691c389a0e956410d5baef9ad082a0aa67dd6aa231d193499e71a104c19"},
    {file = "maxminddb-2.5.2-cp310-cp310-win_amd64.whl", hash = "sha256:d71b48d3dff9150a44e949b28fa5e7251a7a6895a3a77e200ce08410f096f12f"},
    {file = "maxminddb-2.5.2-cp311-cp311-macosx_10_9_x86_64.whl", hash = "sha256:1409a045eb04cebb297221eab1020c4f05434d02c0961410f6996ef474482998"},
    {file = "maxminddb-2.5.2-cp311-cp311-manylinux_2_17_x86_64.manylinux2014_x86_64.whl", hash = "sha256:d839c480e4b93bb37bb1cc2777d77e6b2127c006e60b56f748f10571d8b0e471"},
    {file = "maxminddb-2.5.2-cp311-cp311-manylinux_2_5_i686.manylinux1_i686.manylinux_2_17_i686.manylinux2014_i686.whl", hash = "sha256:bca70905515fe50684974a9afaa7db4a4e9fbfdebcb0c2cde9db8e048e0d8145"},
    {file = "maxminddb-2.5.2-cp311-cp311-musllinux_1_1_i686.whl", hash = "sha256:67f97cd0c6aac39a51294b04a1e922532125285c24b18a58e2a9c92c7691fa9f"},
    {file = "maxminddb-2.5.2-cp311-cp311-musllinux_1_1_x86_64.whl", hash = "sha256:1a3fab6bea6cc59444e6bad2a4fbf91228f6f51dcb29d09ed091930a475bd8cb"},
    {file = "maxminddb-2.5.2-cp311-cp311-win32.whl", hash = "sha256:a99e3125528ea31e807f80e8c5b65118dc5cc122d0a435f1691a3cc1df55840c"},
    {file = "maxminddb-2.5.2-cp311-cp311-win_amd64.whl", hash = "sha256:b6adf63695fa5e3d2549f7c2c9d82c6d252edd5c6ba67074637d2cb944143673"},
    {file = "maxminddb-2.5.2-cp312-cp312-macosx_10_9_x86_64.whl", hash = "sha256:ed504ca9f3c42e8e71bdbe21f5b818139a1448ac15d7bb6ce12cf41e3b7e2067"},
    {file = "maxminddb-2.5.2-cp312-cp312-manylinux_2_17_x86_64.manylinux2014_x86_64.whl", hash = "sha256:5a5053231228d7cbf57d98a741b3cbee9efa9e689348dbb56c414e5a4c7f6f1c"},
    {file = "maxminddb-2.5.2-cp312-cp312-manylinux_2_5_i686.manylinux1_i686.manylinux_2_17_i686.manylinux2014_i686.whl", hash = "sha256:e7e8688342bab592647313cd2054779bcd35ad85933424ceae9f07e3a9779986"},
    {file = "maxminddb-2.5.2-cp312-cp312-musllinux_1_1_i686.whl", hash = "sha256:335ee3140b41d4e751c14f8fae297aa064c7d3f184c9fbb2790336123187c440"},
    {file = "maxminddb-2.5.2-cp312-cp312-musllinux_1_1_x86_64.whl", hash = "sha256:b0203fa2731da45e5461f6e8a0768e85bba8e02137a1598b3fcadf7cbfe8e6f2"},
    {file = "maxminddb-2.5.2-cp312-cp312-win32.whl", hash = "sha256:8b89129de70e1629f200df9dfda4e4f477c26b05c29e0836604a00209c9466d5"},
    {file = "maxminddb-2.5.2-cp312-cp312-win_amd64.whl", hash = "sha256:099f4e27feec4bb9658034a3eb853e746721fc15709030bee4f2f889f4a34185"},
    {file = "maxminddb-2.5.2-cp38-cp38-macosx_10_9_x86_64.whl", hash = "sha256:19d8d1e9bbc5281fb4c8112d541d2bd350fd8b5ddfbb43a6951e46df7cd27b9d"},
    {file = "maxminddb-2.5.2-cp38-cp38-manylinux_2_17_x86_64.manylinux2014_x86_64.whl", hash = "sha256:94183a78628cad257183a88ce12a3bb9ffbfe0544bd0c1aafc1f9dc55629dd1b"},
    {file = "maxminddb-2.5.2-cp38-cp38-manylinux_2_5_i686.manylinux1_i686.manylinux_2_17_i686.manylinux2014_i686.whl", hash = "sha256:17de49660372dcccaa23958eccdd1c2464f92f594d027045ad76788db14a5da4"},
    {file = "maxminddb-2.5.2-cp38-cp38-musllinux_1_1_i686.whl", hash = "sha256:ae05c4f87b1dd9a21d430c52451eef5f3bd5af609d093408db91fe0dc4d8d7d1"},
    {file = "maxminddb-2.5.2-cp38-cp38-musllinux_1_1_x86_64.whl", hash = "sha256:2cb718908b9dffa10e02361094158ae68ded5a82c750de89737437999a81bafe"},
    {file = "maxminddb-2.5.2-cp38-cp38-win32.whl", hash = "sha256:e0faa0c4c458eb0eb2f267daa7b106baef72c3c7ebcbece00b9e974fc8321412"},
    {file = "maxminddb-2.5.2-cp38-cp38-win_amd64.whl", hash = "sha256:bac5a29fdc5df9222f7baecbcc4a88b309a66a7d147b34160940c0850ee4b9c5"},
    {file = "maxminddb-2.5.2-cp39-cp39-macosx_10_9_x86_64.whl", hash = "sha256:c204f53ef7c1d77e9fb0dba415dbb56419f2b08ccaca66cd772e29b3a793c3e7"},
    {file = "maxminddb-2.5.2-cp39-cp39-manylinux_2_17_x86_64.manylinux2014_x86_64.whl", hash = "sha256:ae98508a200db6f7ae5985a53039aba8eef7ed71d34b0a0e9c9145c3e6139fc3"},
    {file = "maxminddb-2.5.2-cp39-cp39-manylinux_2_5_i686.manylinux1_i686.manylinux_2_17_i686.manylinux2014_i686.whl", hash = "sha256:3e9198d25e252b27d4e9526d5fcd4b78341c23153363a94f1246de5afcd39f6d"},
    {file = "maxminddb-2.5.2-cp39-cp39-musllinux_1_1_i686.whl", hash = "sha256:b85b008f8e2cf3abfabdc24041549c51c97ea9a8bc46eeeadac8cec7acf9fbf0"},
    {file = "maxminddb-2.5.2-cp39-cp39-musllinux_1_1_x86_64.whl", hash = "sha256:6f50210506e9818162ef6706d3127efb0575dfe2cc98a7236ca2011f1cc3effe"},
    {file = "maxminddb-2.5.2-cp39-cp39-win32.whl", hash = "sha256:2bba43d370a57785f5ef61c10d0b4bf8de58d431da3c4c2ed78bb2ff3d07edbf"},
    {file = "maxminddb-2.5.2-cp39-cp39-win_amd64.whl", hash = "sha256:2e01b09480b97d2ebe6765618fb12a0f52caa17368d6cf1f42481d6740428de7"},
    {file = "maxminddb-2.5.2-pp310-pypy310_pp73-macosx_10_9_x86_64.whl", hash = "sha256:dd47d13376eaee2e8d1a1fb55d3d6ccdcc995bc931699967f7d5670ec6a454a3"},
    {file = "maxminddb-2.5.2-pp310-pypy310_pp73-manylinux_2_17_x86_64.manylinux2014_x86_64.whl", hash = "sha256:abd626efaba4f0bc867462337f846796da0bb97b82125dbdbc63067947e353b0"},
    {file = "maxminddb-2.5.2-pp310-pypy310_pp73-manylinux_2_5_i686.manylinux1_i686.manylinux_2_17_i686.manylinux2014_i686.whl", hash = "sha256:3ddbe547d83a2e28e81d9f59fd9708d3044ffb2398ee0f8df2e2a2e9cdea6646"},
    {file = "maxminddb-2.5.2-pp310-pypy310_pp73-win_amd64.whl", hash = "sha256:22184fa2514c15f5b39e4e2522f4f73d00afcf5eb7102c473f9376f3c3a03b81"},
    {file = "maxminddb-2.5.2-pp38-pypy38_pp73-macosx_10_9_x86_64.whl", hash = "sha256:5cb6702fbcc5b209ac3cffacd9cf0a5155feabbeb6fdcf497038be7cb6e52da6"},
    {file = "maxminddb-2.5.2-pp38-pypy38_pp73-manylinux_2_17_x86_64.manylinux2014_x86_64.whl", hash = "sha256:c0c3ebfc0af00445089629faffa4c5a1fcc42a1ca5d7dffc42bba314fde20c6d"},
    {file = "maxminddb-2.5.2-pp38-pypy38_pp73-manylinux_2_5_i686.manylinux1_i686.manylinux_2_17_i686.manylinux2014_i686.whl", hash = "sha256:461dcf0a4f67aa1c9faea6d52c4060d39559bf68e99a514cf8c1e01af383f90b"},
    {file = "maxminddb-2.5.2-pp38-pypy38_pp73-win_amd64.whl", hash = "sha256:e012e889639aab411f5483990188da51c968377f665dcb90584971dbf314d50a"},
    {file = "maxminddb-2.5.2-pp39-pypy39_pp73-macosx_10_9_x86_64.whl", hash = "sha256:20596e452d03071db37a72c8ef9236126c04ed342864f68db0adf0d1bc9f642e"},
    {file = "maxminddb-2.5.2-pp39-pypy39_pp73-manylinux_2_17_x86_64.manylinux2014_x86_64.whl", hash = "sha256:2ec51b66774b102824c9a3dd4916356283f6a61db1868d4ebcb98bf26486718e"},
    {file = "maxminddb-2.5.2-pp39-pypy39_pp73-manylinux_2_5_i686.manylinux1_i686.manylinux_2_17_i686.manylinux2014_i686.whl", hash = "sha256:6fda0dd512f345cc92492f96c61a0df47efc2e2064c15e8053ab2114b362d64d"},
    {file = "maxminddb-2.5.2-pp39-pypy39_pp73-win_amd64.whl", hash = "sha256:862fcfe226ebda29a537cdce678dc8dc71ca6540ad2483099f80c6a1ee4cdbdd"},
    {file = "maxminddb-2.5.2.tar.gz", hash = "sha256:b3c33e4fc7821ee6c9f40837116e16ab6175863d4a64eee024c5bec686690a87"},
]

[package.dependencies]
setuptools = ">=68.2.2"

[[package]]
name = "setuptools"
version = "68.2.2"
description = "Easily download, build, install, upgrade, and uninstall Python packages"
optional = false
python-versions = ">=3.8"
files = [
    {file = "setuptools-68.2.2-py3-none-any.whl", hash = "sha256:b454a35605876da60632df1a60f736524eb73cc47bbc9f3f1ef1b644de74fd2a"},
    {file = "setuptools-68.2.2.tar.gz", hash = "sha256:4ac1475276d2f1c48684874089fefcd83bd7162ddaafb81fac866ba0db282a87"},
]

[package.extras]
docs = ["furo", "jaraco.packaging (>=9.3)", "jaraco.tidelift (>=1.4)", "pygments-github-lexers (==0.0.5)", "rst.linker (>=1.9)", "sphinx (>=3.5)", "sphinx-favicon", "sphinx-hoverxref (<2)", "sphinx-inline-tabs", "sphinx-lint", "sphinx-notfound-page (>=1,<2)", "sphinx-reredirects", "sphinxcontrib-towncrier"]
testing = ["build[virtualenv]", "filelock (>=3.4.0)", "flake8-2020", "ini2toml[lite] (>=0.9)", "jaraco.develop (>=7.21)", "jaraco.envs (>=2.2)", "jaraco.path (>=3.2.0)", "pip (>=19.1)", "pytest (>=6)", "pytest-black (>=0.3.7)", "pytest-checkdocs (>=2.4)", "pytest-cov", "pytest-enabler (>=2.2)", "pytest-mypy (>=0.9.1)", "pytest-perf", "pytest-ruff", "pytest-timeout", "pytest-xdist", "tomli-w (>=1.0.0)", "virtualenv (>=13.0.0)", "wheel"]
testing-integration = ["build[virtualenv] (>=1.0.3)", "filelock (>=3.4.0)", "jaraco.envs (>=2.2)", "jaraco.path (>=3.2.0)", "packaging (>=23.1)", "pytest", "pytest-enabler", "pytest-xdist", "tomli", "virtualenv (>=13.0.0)", "wheel"]

[metadata]
lock-version = "2.0"
python-versions = "^3.10"
content-hash = "0f93069ec7adeeb8065ae7535184c700ce5976088033007f6bea315d7c4a4efe"
