# This file is automatically @generated by Poetry 2.2.1 and should not be changed by hand.

[[package]]
name = "maxminddb"
version = "3.1.1"
description = "Reader for the MaxMind DB format"
optional = false
python-versions = ">=3.10"
groups = ["main"]
files = [
    {file = "maxminddb-3.1.1-cp310-cp310-macosx_10_9_universal2.whl", hash = "sha256:44f5db2a50503dd805c6319e9dd2596b042382350ad570726ab6cab1e4404dd1"},
    {file = "maxminddb-3.1.1-cp310-cp310-macosx_10_9_x86_64.whl", hash = "sha256:60371de02e82177bb5507eae2761acd0f7b1b68f272920c04c1bf7d405e575fc"},
    {file = "maxminddb-3.1.1-cp310-cp310-macosx_11_0_arm64.whl", hash = "sha256:8b7eb38ccb2323ddc06917dacaf67ad41b41a474911a473ad0856cbb75c0cb40"},
    {file = "maxminddb-3.1.1-cp310-cp310-manylinux2014_aarch64.manylinux_2_17_aarch64.manylinux_2_28_aarch64.whl", hash = "sha256:a0cb1b1580d733e0ed8b1bbb10aef7a3f8c7d974b5affbf8f5af39060622562b"},
    {file = "maxminddb-3.1.1-cp310-cp310-manylinux2014_x86_64.manylinux_2_17_x86_64.manylinux_2_28_x86_64.whl", hash = "sha256:784043069847fb9ae8759b36d5b564855250fb58fa922fbffd3141bafe90fde0"},
    {file = "maxminddb-3.1.1-cp310-cp310-musllinux_1_2_aarch64.whl", hash = "sha256:00fbbbf27738169d8111d14718e5407752d505b8ede2ee408f463db888813a4a"},
    {file = "maxminddb-3.1.1-cp310-cp310-musllinux_1_2_x86_64.whl", hash = "sha256:ab143ad799092f48b53ced7e80e50539bf3b1601f0f046a6dfec55dc3d035e6d"},
    {file = "maxminddb-3.1.1-cp310-cp310-win32.whl", hash = "sha256:0b4c0872932652e1033e62c2f550637aeb44b78cf3ac5b229cb33381e46a85a9"},
    {file = "maxminddb-3.1.1-cp310-cp310-win_amd64.whl", hash = "sha256:57c4be48dfe5e0c10be75ccef37f169cd1aa3648a3a94a8ed7b39c6e0f101eb8"},
    {file = "maxminddb-3.1.1-cp310-cp310-win_arm64.whl", hash = "sha256:2bf03080523b717f6c91495ec635d7eb68ed3d67aefdb56e86e251e550b11a2f"},
    {file = "maxminddb-3.1.1-cp311-cp311-macosx_10_9_universal2.whl", hash = "sha256:af2a0e1d34a23244790a0882eccd5798735d8b363f88d52fcdcdf25dc752cb7d"},
    {file = "maxminddb-3.1.1-cp311-cp311-macosx_10_9_x86_64.whl", hash = "sha256:3f1e89df992ad4ca506d2dc0776041d8670d6aaf9eaa1d2e60d315cab1932474"},
    {file = "maxminddb-3.1.1-cp311-cp311-macosx_11_0_arm64.whl", hash = "sha256:b75feefc605bcb478f36ac70865f0c37498bd4abc37b101debac72e9eed3835c"},
    {file = "maxminddb-3.1.1-cp311-cp311-manylinux2014_aarch64.manylinux_2_17_aarch64.manylinux_2_28_aarch64.whl", hash = "sha256:ff15158257dcd46b3d022f7ccecbd34e90d113c3f1f5b7372b78cf4c513b9a68"},
    {file = "maxminddb-3.1.1-cp311-cp311-manylinux2014_x86_64.manylinux_2_17_x86_64.manylinux_2_28_x86_64.whl", hash = "sha256:4f841b34ab6cef6df8d98d5c6e58f331ee2c32292145463a26192738547d3935"},
    {file = "maxminddb-3.1.1-cp311-cp311-musllinux_1_2_aarch64.whl", hash = "sha256:a956c1db412e15921e9fe5af3f103acecfcd4760b2a1755dad4ce7eb2f814534"},
    {file = "maxminddb-3.1.1-cp311-cp311-musllinux_1_2_x86_64.whl", hash = "sha256:283ccc25fca0b7944436e1dafd5e942e3410d91e0cff8704d1d5c99534a08e32"},
    {file = "maxminddb-3.1.1-cp311-cp311-win32.whl", hash = "sha256:8f1c040ceda871bb2857994bee3c4a34f59739552407628ae38aff4d1585c799"},
    {file = "maxminddb-3.1.1-cp311-cp311-win_amd64.whl", hash = "sha256:023bed7cce27556dcac761be4b41afef168e7603664ac3bfde26f35c01c15393"},
    {file = "maxminddb-3.1.1-cp311-cp311-win_arm64.whl", hash = "sha256:856cb7b6e20ac02c50b5201eca2daaa1a7efeecc4e2e885c4e7aabc372ae3bff"},
    {file = "maxminddb-3.1.1-cp312-cp312-macosx_10_13_universal2.whl", hash = "sha256:ae6489a1b7fa4ab9b6ac5979d1eec1eed7cb7ef2f73777ddbb8fb8b9bec094e3"},
    {file = "maxminddb-3.1.1-cp312-cp312-macosx_10_13_x86_64.whl", hash = "sha256:8f41a51bce83b5bbe4dc31b080787b7d4d83d8efa98778eb6f81df3ad9e98734"},
    {file = "maxminddb-3.1.1-cp312-cp312-macosx_11_0_arm64.whl", hash = "sha256:d9cd4c05d08c22796e83aa54c70feb64121b3eae7257af35fbaced9f5d8d2081"},
    {file = "maxminddb-3.1.1-cp312-cp312-manylinux2014_aarch64.manylinux_2_17_aarch64.manylinux_2_28_aarch64.whl", hash = "sha256:7c4a402180154393c9c2502c7704b10a32a065661cd84196bbe7ac56869c6a82"},
    {file = "maxminddb-3.1.1-cp312-cp312-manylinux2014_x86_64.manylinux_2_17_x86_64.manylinux_2_28_x86_64.whl", hash = "sha256:14d8b40d8e9b288cee18b8d80a7ba2a28211ce07b9c0e6ce721c5e685e3bf23c"},
    {file = "maxminddb-3.1.1-cp312-cp312-musllinux_1_2_aarch64.whl", hash = "sha256:4eb2644548114b22d5808972d6b2b77d4c62084966b9a6be3853cd173ff745d5"},
    {file = "maxminddb-3.1.1-cp312-cp312-musllinux_1_2_x86_64.whl", hash = "sha256:4a529873e376ada254c68a54d3ad13c8265eeedc5c56bdfdf25f1044b7f4177b"},
    {file = "maxminddb-3.1.1-cp312-cp312-win32.whl", hash = "sha256:9d98641b111eecc047b560d927379dd044bb36c0e399ee794e865b75ee8ef27a"},
    {file = "maxminddb-3.1.1-cp312-cp312-win_amd64.whl", hash = "sha256:a1ad6d3790ca4b2936f3e4ea971ef8383480fa069ed8ea4e5e6345f049d0e9f7"},
    {file = "maxminddb-3.1.1-cp312-cp312-win_arm64.whl", hash = "sha256:c295f90ce99ce434d6a8477bd94ba4869ca04fe617ac99cea7548f0f6a3e4cd8"},
    {file = "maxminddb-3.1.1-cp313-cp313-android_21_arm64_v8a.whl", hash = "sha256:90df0298f6713711ecba893f16ca31c486014e6b1c86611660426e5537cbbe14"},
    {file = "maxminddb-3.1.1-cp313-cp313-android_21_x86_64.whl", hash = "sha256:42c8dc32b09e5f7c8e2e3d354e5bf48d56bf6c12099dd02df1ceca3f13762d97"},
    {file = "maxminddb-3.1.1-cp313-cp313-ios_13_0_arm64_iphoneos.whl", hash = "sha256:13a6dba0e696e904773cd9c17a290dcab9ba4a26128811e087c46c2c2f700c13"},
    {file = "maxminddb-3.1.1-cp313-cp313-ios_13_0_arm64_iphonesimulator.whl", hash = "sha256:4d72b373930d95ac00db20a49b43eaac707cc633247f29a4c9a24000187505e9"},
    {file = "maxminddb-3.1.1-cp313-cp313-macosx_10_13_universal2.whl", hash = "sha256:afe667a377121a5234778ed0affb9b26bf9d23a0c50551541cc9e38e1c1d1400"},
    {file = "maxminddb-3.1.1-cp313-cp313-macosx_10_13_x86_64.whl", hash = "sha256:9a297da0042877a1eef457e238aa4df1707eb7e254aa96ecb1e17e935939a670"},
    {file = "maxminddb-3.1.1-cp313-cp313-macosx_11_0_arm64.whl", hash = "sha256:e5c31f5a1e388847b642d8e1b375abfb7b327d51cfd85e9c9f938a3258df7369"},
    {file = "maxminddb-3.1.1-cp313-cp313-manylinux2014_aarch64.manylinux_2_17_aarch64.manylinux_2_28_aarch64.whl", hash = "sha256:7060e43d0788259b3a9bcc3d604360ebd7b17915300c97f8e254faeb27a70c34"},
    {file = "maxminddb-3.1.1-cp313-cp313-manylinux2014_x86_64.manylinux_2_17_x86_64.manylinux_2_28_x86_64.whl", hash = "sha256:fbb195714caeb419b9a33b07b0b721d620c770210dd955018453fc588a4b7e42"},
    {file = "maxminddb-3.1.1-cp313-cp313-musllinux_1_2_aarch64.whl", hash = "sha256:1b42f18cf17dfb3ff52ef8c97c41508d45cf23293d04779dce0fe2ca6f146e78"},
    {file = "maxminddb-3.1.1-cp313-cp313-musllinux_1_2_x86_64.whl", hash = "sha256:cfcc3b074d4cfef4d15474368da70b47707df273cd89e1d6a92549f644852f5c"},
    {file = "maxminddb-3.1.1-cp313-cp313-win32.whl", hash = "sha256:3c9d50b5964c00e998ba5fdbad95b62abdf0ed9da5a55eab173f89e38a285e47"},
    {file = "maxminddb-3.1.1-cp313-cp313-win_amd64.whl", hash = "sha256:19be24c36219779e65be57897b36fea340223cafdf3b128f3249e8603be7744d"},
    {file = "maxminddb-3.1.1-cp313-cp313-win_arm64.whl", hash = "sha256:6d01a791db367768aa2e15b9c2df5bb4a8d8c11713d872dec5f33dd3e818af26"},
    {file = "maxminddb-3.1.1-cp314-cp314-android_24_arm64_v8a.whl", hash = "sha256:b2f859ff9ab56b8ce1c2033fdd978273d432ef1b03fbba24dd28d284bc9e2b41"},
    {file = "maxminddb-3.1.1-cp314-cp314-android_24_x86_64.whl", hash = "sha256:40116947ad235692dff2f1590269a844d8623036caf99310a0ea6833b04673ca"},
    {file = "maxminddb-3.1.1-cp314-cp314-ios_13_0_arm64_iphoneos.whl", hash = "sha256:b83155134842f6dcd06f9ba9b661028a2154debc41bfc6b8d665d67267891153"},
    {file = "maxminddb-3.1.1-cp314-cp314-ios_13_0_arm64_iphonesimulator.whl", hash = "sha256:c2aa82dbb882714071403fe19b301a87a750eb8b58af60fd794afebe9447c0fb"},
    {file = "maxminddb-3.1.1-cp314-cp314-macosx_10_15_universal2.whl", hash = "sha256:65cbeaf809aaeb464e6c89086c45e0e4b9f15b73a28825fea0c570cf6fae18b6"},
    {file = "maxminddb-3.1.1-cp314-cp314-macosx_10_15_x86_64.whl", hash = "sha256:ebb79b06f94577c37206a2143e157f4f8e6baf4f4473734b16993e04e0b1fdd7"},
    {file = "maxminddb-3.1.1-cp314-cp314-macosx_11_0_arm64.whl", hash = "sha256:fac648527d83c4357f8f060f362a3c24f3aeb94bd458e2221522b7783dac5235"},
    {file = "maxminddb-3.1.1-cp314-cp314-manylinux2014_aarch64.manylinux_2_17_aarch64.manylinux_2_28_aarch64.whl", hash = "sha256:d27c57d402cffae339e07224d04315ec1fd923a113dce5a9b2bf5894df8bdcfa"},
    {file = "maxminddb-3.1.1-cp314-cp314-manylinux2014_x86_64.manylinux_2_17_x86_64.manylinux_2_28_x86_64.whl", hash = "sha256:7bf4df891b71bb30ef0583effb0e694f610649ace69212def73dd20cc4ae8038"},
    {file = "maxminddb-3.1.1-cp314-cp314-musllinux_1_2_aarch64.whl", hash = "sha256:5fa302b97d205d32e950bb38907a253a76d8a0091f2db5921e6561dbfa8febd1"},
    {file = "maxminddb-3.1.1-cp314-cp314-musllinux_1_2_x86_64.whl", hash = "sha256:3fa33c7e220106a3b9b24e5046c9573079730b62cad61b70897768f319d84323"},
    {file = "maxminddb-3.1.1-cp314-cp314-win32.whl", hash = "sha256:16fa02b016f8d12e9d78a610a3abfe98510c7db2592cfebaaeb768067c10448f"},
    {file = "maxminddb-3.1.1-cp314-cp314-win_amd64.whl", hash = "sha256:0fa73771e95a1fc4a2c5f3530191473da9eb39ec8301999bd18d9ac6a9becb79"},
    {file = "maxminddb-3.1.1-cp314-cp314-win_arm64.whl", hash = "sha256:ad144247e94aca2e6f51408ce24ef9184f6bf440affce61090578382cdf69ffc"},
    {file = "maxminddb-3.1.1-cp314-cp314t-macosx_10_15_universal2.whl", hash = "sha256:5334cee936368d43f7d99028bb37c864e8862465c6eac838e145d995e30707ec"},
    {file = "maxminddb-3.1.1-cp314-cp314t-macosx_10_15_x86_64.whl", hash = "sha256:ff7d739fbefe2529b76dce0362a165795e369ca2d79e04882b42035ab2c16e44"},
    {file = "maxminddb-3.1.1-cp314-cp314t-macosx_11_0_arm64.whl", hash = "sha256:e5d0709dae06d6f242acc1dd02495b6e1668ea898e22431865f8afc95aa4e7d0"},
    {file = "maxminddb-3.1.1-cp314-cp314t-manylinux2014_aarch64.manylinux_2_17_aarch64.manylinux_2_28_aarch64.whl", hash = "sha256:e61dca3fd6709817762940f25fc86279957883a00c409612893a168974aba9f1"},
    {file = "maxminddb-3.1.1-cp314-cp314t-manylinux2014_x86_64.manylinux_2_17_x86_64.manylinux_2_28_x86_64.whl", hash = "sha256:bfb73a59ab7a3ccce1b00f048fdab982303253da26324943c831dd5d0f6db99b"},
    {file = "maxminddb-3.1.1-cp314-cp314t-musllinux_1_2_aarch64.whl", hash = "sha256:f7e7a0accc4011fd0528c9755010c9d4be06ee116cc0c2aff0ce0f63f792cb41"},
    {file = "maxminddb-3.1.1-cp314-cp314t-musllinux_1_2_x86_64.whl", hash = "sha256:3f5032043db990f159b0e8e2747468f4665a3b5b345e343f620fe71c91fb2631"},
    {file = "maxminddb-3.1.1-cp314-cp314t-win32.whl", hash = "sha256:962edb5f23f9e8dfbdfc775d9e452e4017adae2fb12d1b0a955dbddb7747e781"},
    {file = "maxminddb-3.1.1-cp314-cp314t-win_amd64.whl", hash = "sha256:6879a4d822b894d1717aeef20b3558fdf1d1f6cf1ce25a7ad46d0a43ed745f63"},
    {file = "maxminddb-3.1.1-cp314-cp314t-win_arm64.whl", hash = "sha256:9cc4eb1d2648c0188d7649babe8df1236d22972a753676db3b7487646a65b0c7"},
    {file = "maxminddb-3.1.1-pp310-pypy310_pp73-macosx_10_15_x86_64.whl", hash = "sha256:7dc138d3c113c1eb3bd8ad0d5ea6084166963fc2ddbb02ada31708c255e4d532"},
    {file = "maxminddb-3.1.1-pp310-pypy310_pp73-macosx_11_0_arm64.whl", hash = "sha256:d10c076dcae3b695ce29c6ae9ffc1ce6e39de4a147cabd25327a1421efe67977"},
    {file = "maxminddb-3.1.1-pp310-pypy310_pp73-manylinux2014_aarch64.manylinux_2_17_aarch64.manylinux_2_28_aarch64.whl", hash = "sha256:7009b8997a7cb2a646cb425baa3d98e63bc5ef66ee01398386fe05c829eb3214"},
    {file = "maxminddb-3.1.1-pp310-pypy310_pp73-manylinux2014_x86_64.manylinux_2_17_x86_64.manylinux_2_28_x86_64.whl", hash = "sha256:c67a57eb94b5d30cd7d65b4ce364dad5cb4871565bcd2afdc4a9908934485f4f"},
    {file = "maxminddb-3.1.1-pp310-pypy310_pp73-win_amd64.whl", hash = "sha256:7857b476784fe2c21e5de9a10022d7bb7d0681550388d2208fd88121ac709030"},
    {file = "maxminddb-3.1.1-pp311-pypy311_pp73-macosx_10_15_x86_64.whl", hash = "sha256:ca0ba4b62cdcf285e9cfb829bfd6c2bfd620e0735075a9aee4ca71ddb4c293e2"},
    {file = "maxminddb-3.1.1-pp311-pypy311_pp73-macosx_11_0_arm64.whl", hash = "sha256:527afd09ec087711009ad8f28add76747d9b2ecb9f2bd5e9f1ca43ed18f3003e"},
    {file = "maxminddb-3.1.1-pp311-pypy311_pp73-manylinux2014_aarch64.manylinux_2_17_aarch64.manylinux_2_28_aarch64.whl", hash = "sha256:1251ae02ba24a090411dbf8f4c5a4b580ccca68f43e83db1868ac0980087800c"},
    {file = "maxminddb-3.1.1-pp311-pypy311_pp73-manylinux2014_x86_64.manylinux_2_17_x86_64.manylinux_2_28_x86_64.whl", hash = "sha256:a3a368c70aed14a79a2ff6ff143428d952cb5eaa386862a97de15e52f283c4d1"},
    {file = "maxminddb-3.1.1-pp311-pypy311_pp73-win_amd64.whl", hash = "sha256:f2fcc510cb83e19029d35205e31fc7afea526bbbaad4764ca903c1dc18f62b2a"},
    {file = "maxminddb-3.1.1.tar.gz", hash = "sha256:b19a938c481518f19a2c534ffdcb3bc59582f0fbbdcf9f81ac9adf912a0af686"},
]

[metadata]
lock-version = "2.1"
python-versions = "^3.10"
content-hash = "2f563b3d64d90cc7ef9d0e9d2fc7f580308c922c07263f593d7c7688bc6156bf"
